
Microsoft Visual Studio Solution File, Format Version 12.00
# Visual Studio Version 17
VisualStudioVersion = 17.0.31903.59
MinimumVisualStudioVersion = 10.0.40219.1
Project("{9A19103F-16F7-4668-BE54-9A1E7A4F7556}") = "Tyuiu.KomarovNA.Sprint3.Task0.V29.Lib", "Tyuiu.KomarovNA.Sprint3.Task0.V29.Lib\Tyuiu.KomarovNA.Sprint3.Task0.V29.Lib.csproj", "{F6609158-E967-4C97-9F6F-297F934C55E4}"
EndProject
Project("{9A19103F-16F7-4668-BE54-9A1E7A4F7556}") = "Tyuiu.KomarovNA.Sprint3.Task0.V29", "Tyuiu.KomarovNA.Sprint3.Task0.V29\Tyuiu.KomarovNA.Sprint3.Task0.V29.csproj", "{768D4853-1489-4D2F-8482-E674985ED5AE}"
EndProject
Project("{9A19103F-16F7-4668-BE54-9A1E7A4F7556}") = "Tyuiu.KomarovNA.Sprint3.Task0.V29.Test", "Tyuiu.KomarovNA.Sprint3.Task0.V29.Test\Tyuiu.KomarovNA.Sprint3.Task0.V29.Test.csproj", "{E8AC3197-5678-42F3-850B-2C4F67AC6141}"
EndProject
Project("{2150E333-8FDC-42A3-9474-1A3956D46DE8}") = "Task0", "Task0", "{D83E4425-55AC-45DC-A73B-574C31F70C67}"
EndProject
Project("{9A19103F-16F7-4668-BE54-9A1E7A4F7556}") = "Tyuiu.KomarovNA.Sprint3.Task1.V14", "Tyuiu.KomarovNA.Sprint3.Task1.V14\Tyuiu.KomarovNA.Sprint3.Task1.V14.csproj", "{1C1DEC0F-4001-44FE-BFD0-7193B50E5A42}"
EndProject
Project("{9A19103F-16F7-4668-BE54-9A1E7A4F7556}") = "Tyuiu.KomarovNA.Sprint3.Task1.V14.Lib", "Tyuiu.KomarovNA.Sprint3.Task1.V14.Lib\Tyuiu.KomarovNA.Sprint3.Task1.V14.Lib.csproj", "{C4D68B03-540A-4233-A51E-8578F8CC0149}"
EndProject
Project("{9A19103F-16F7-4668-BE54-9A1E7A4F7556}") = "Tyuiu.KomarovNA.Sprint3.Task1.V14.Test", "Tyuiu.KomarovNA.Sprint3.Task1.V14.Test\Tyuiu.KomarovNA.Sprint3.Task1.V14.Test.csproj", "{D81DD80A-7EC4-4324-8F92-B84577E646F3}"
EndProject
Project("{2150E333-8FDC-42A3-9474-1A3956D46DE8}") = "Task1", "Task1", "{7DF4F512-728F-4CAE-85EB-79D43DAABEA4}"
EndProject
Project("{9A19103F-16F7-4668-BE54-9A1E7A4F7556}") = "Tyuiu.KomarovNA.Sprint3.Task2.V3.Lib", "Tyuiu.KomarovNA.Sprint3.Task2.V3.Lib\Tyuiu.KomarovNA.Sprint3.Task2.V3.Lib.csproj", "{9DAB69C3-9F73-4798-A192-4E28BE2D0A70}"
EndProject
Project("{9A19103F-16F7-4668-BE54-9A1E7A4F7556}") = "Tyuiu.KomarovNA.Sprint3.Task2.V3", "Tyuiu.KomarovNA.Sprint3.Task2.V3\Tyuiu.KomarovNA.Sprint3.Task2.V3.csproj", "{AD42CE6A-6764-4B33-B5BD-F07B8625CA8A}"
EndProject
Project("{9A19103F-16F7-4668-BE54-9A1E7A4F7556}") = "Tyuiu.KomarovNA.Sprint3.Task2.V3.Test", "Tyuiu.KomarovNA.Sprint3.Task2.V3.Test\Tyuiu.KomarovNA.Sprint3.Task2.V3.Test.csproj", "{0740F540-3D36-4E49-8E61-B5C00F36A99E}"
EndProject
Project("{2150E333-8FDC-42A3-9474-1A3956D46DE8}") = "Task2", "Task2", "{81140C40-CFD4-4CE9-89BF-28E0BCE63EF8}"
EndProject
Project("{9A19103F-16F7-4668-BE54-9A1E7A4F7556}") = "Tyuiu.KomarovNA.Sprint3.Task3.V23.Lib", "Tyuiu.KomarovNA.Sprint3.Task3.V23.Lib\Tyuiu.KomarovNA.Sprint3.Task3.V23.Lib.csproj", "{B5248480-ED42-4A5A-B8B6-0B3E8939AD26}"
EndProject
Project("{9A19103F-16F7-4668-BE54-9A1E7A4F7556}") = "Tyuiu.KomarovNA.Sprint3.Task3.V23", "Tyuiu.KomarovNA.Sprint3.Task3.V23\Tyuiu.KomarovNA.Sprint3.Task3.V23.csproj", "{042350A3-1147-462D-B9A4-A74B277E65C2}"
EndProject
Project("{9A19103F-16F7-4668-BE54-9A1E7A4F7556}") = "Tyuiu.KomarovNA.Sprint3.Task3.V23.Test", "Tyuiu.KomarovNA.Sprint3.Task3.V23.Test\Tyuiu.KomarovNA.Sprint3.Task3.V23.Test.csproj", "{DCC8BB42-927A-490A-A394-E0E30D4C60FC}"
EndProject
Project("{2150E333-8FDC-42A3-9474-1A3956D46DE8}") = "Task3", "Task3", "{DA0A862A-6B71-4180-9246-0A1E4828E415}"
EndProject
Project("{9A19103F-16F7-4668-BE54-9A1E7A4F7556}") = "Tyuiu.KomarovNA.Sprint3.Task4.V7.Lib", "Tyuiu.KomarovNA.Sprint3.Task4.V7.Lib\Tyuiu.KomarovNA.Sprint3.Task4.V7.Lib.csproj", "{CB823D58-DC61-4476-8369-C08587EB19C3}"
EndProject
Project("{9A19103F-16F7-4668-BE54-9A1E7A4F7556}") = "Tyuiu.KomarovNA.Sprint3.Task4.V7", "Tyuiu.KomarovNA.Sprint3.Task4.V7\Tyuiu.KomarovNA.Sprint3.Task4.V7.csproj", "{4552A25A-FE1C-4A85-8C66-2B70CBD834DC}"
EndProject
Project("{9A19103F-16F7-4668-BE54-9A1E7A4F7556}") = "Tyuiu.KomarovNA.Sprint3.Task4.V7.Test", "Tyuiu.KomarovNA.Sprint3.Task4.V7.Test\Tyuiu.KomarovNA.Sprint3.Task4.V7.Test.csproj", "{B54D5674-A7F5-460D-BB15-DF316E38A1B6}"
EndProject
Project("{2150E333-8FDC-42A3-9474-1A3956D46DE8}") = "Task4", "Task4", "{4AE8C88A-2A88-46F5-916D-7F28820600EF}"
EndProject
Project("{9A19103F-16F7-4668-BE54-9A1E7A4F7556}") = "Tyuiu.KomarovNA.Sprint3.Task5.V21.Lib", "Tyuiu.KomarovNA.Sprint3.Task5.V21.Lib\Tyuiu.KomarovNA.Sprint3.Task5.V21.Lib.csproj", "{E97554D4-27D2-4E4C-AABE-FA64F93AABFB}"
EndProject
Project("{9A19103F-16F7-4668-BE54-9A1E7A4F7556}") = "Tyuiu.KomarovNA.Sprint3.Task5.V21", "Tyuiu.KomarovNA.Sprint3.Task5.V21\Tyuiu.KomarovNA.Sprint3.Task5.V21.csproj", "{92702E36-4203-40D5-86C1-25A9E8089EDF}"
EndProject
Project("{9A19103F-16F7-4668-BE54-9A1E7A4F7556}") = "Tyuiu.KomarovNA.Sprint3.Task5.V21.Test", "Tyuiu.KomarovNA.Sprint3.Task5.V21.Test\Tyuiu.KomarovNA.Sprint3.Task5.V21.Test.csproj", "{213861A5-AA94-4160-AAE7-919F989E2BEF}"
EndProject
Project("{2150E333-8FDC-42A3-9474-1A3956D46DE8}") = "Task5", "Task5", "{67C7647A-B2CC-4AF9-AAB6-CC31FF352350}"
EndProject
Project("{9A19103F-16F7-4668-BE54-9A1E7A4F7556}") = "Tyuiu.KomarovNA.Sprint3.Task6.V28.Lib", "Tyuiu.KomarovNA.Sprint3.Task6.V28.Lib\Tyuiu.KomarovNA.Sprint3.Task6.V28.Lib.csproj", "{5B25FBDC-8E20-40B4-A646-9E255EDBE91C}"
EndProject
Project("{9A19103F-16F7-4668-BE54-9A1E7A4F7556}") = "Tyuiu.KomarovNA.Sprint3.Task6.V28", "Tyuiu.KomarovNA.Sprint3.Task6.V28\Tyuiu.KomarovNA.Sprint3.Task6.V28.csproj", "{A97CA58D-F237-493E-96E9-302CC8DFA4FD}"
EndProject
Project("{9A19103F-16F7-4668-BE54-9A1E7A4F7556}") = "Tyuiu.KomarovNA.Sprint3.Task6.V28.Test", "Tyuiu.KomarovNA.Sprint3.Task6.V28.Test\Tyuiu.KomarovNA.Sprint3.Task6.V28.Test.csproj", "{35594A13-E39D-400C-8A31-0A6CA4A51B65}"
EndProject
Project("{2150E333-8FDC-42A3-9474-1A3956D46DE8}") = "Task6", "Task6", "{0747D260-CE44-49F8-8060-BB5C448874E7}"
EndProject
Global
	GlobalSection(SolutionConfigurationPlatforms) = preSolution
		Debug|Any CPU = Debug|Any CPU
		Release|Any CPU = Release|Any CPU
	EndGlobalSection
	GlobalSection(ProjectConfigurationPlatforms) = postSolution
		{F6609158-E967-4C97-9F6F-297F934C55E4}.Debug|Any CPU.ActiveCfg = Debug|Any CPU
		{F6609158-E967-4C97-9F6F-297F934C55E4}.Debug|Any CPU.Build.0 = Debug|Any CPU
		{F6609158-E967-4C97-9F6F-297F934C55E4}.Release|Any CPU.ActiveCfg = Release|Any CPU
		{F6609158-E967-4C97-9F6F-297F934C55E4}.Release|Any CPU.Build.0 = Release|Any CPU
		{768D4853-1489-4D2F-8482-E674985ED5AE}.Debug|Any CPU.ActiveCfg = Debug|Any CPU
		{768D4853-1489-4D2F-8482-E674985ED5AE}.Debug|Any CPU.Build.0 = Debug|Any CPU
		{768D4853-1489-4D2F-8482-E674985ED5AE}.Release|Any CPU.ActiveCfg = Release|Any CPU
		{768D4853-1489-4D2F-8482-E674985ED5AE}.Release|Any CPU.Build.0 = Release|Any CPU
		{E8AC3197-5678-42F3-850B-2C4F67AC6141}.Debug|Any CPU.ActiveCfg = Debug|Any CPU
		{E8AC3197-5678-42F3-850B-2C4F67AC6141}.Debug|Any CPU.Build.0 = Debug|Any CPU
		{E8AC3197-5678-42F3-850B-2C4F67AC6141}.Release|Any CPU.ActiveCfg = Release|Any CPU
		{E8AC3197-5678-42F3-850B-2C4F67AC6141}.Release|Any CPU.Build.0 = Release|Any CPU
		{1C1DEC0F-4001-44FE-BFD0-7193B50E5A42}.Debug|Any CPU.ActiveCfg = Debug|Any CPU
		{1C1DEC0F-4001-44FE-BFD0-7193B50E5A42}.Debug|Any CPU.Build.0 = Debug|Any CPU
		{1C1DEC0F-4001-44FE-BFD0-7193B50E5A42}.Release|Any CPU.ActiveCfg = Release|Any CPU
		{1C1DEC0F-4001-44FE-BFD0-7193B50E5A42}.Release|Any CPU.Build.0 = Release|Any CPU
		{C4D68B03-540A-4233-A51E-8578F8CC0149}.Debug|Any CPU.ActiveCfg = Debug|Any CPU
		{C4D68B03-540A-4233-A51E-8578F8CC0149}.Debug|Any CPU.Build.0 = Debug|Any CPU
		{C4D68B03-540A-4233-A51E-8578F8CC0149}.Release|Any CPU.ActiveCfg = Release|Any CPU
		{C4D68B03-540A-4233-A51E-8578F8CC0149}.Release|Any CPU.Build.0 = Release|Any CPU
		{D81DD80A-7EC4-4324-8F92-B84577E646F3}.Debug|Any CPU.ActiveCfg = Debug|Any CPU
		{D81DD80A-7EC4-4324-8F92-B84577E646F3}.Debug|Any CPU.Build.0 = Debug|Any CPU
		{D81DD80A-7EC4-4324-8F92-B84577E646F3}.Release|Any CPU.ActiveCfg = Release|Any CPU
		{D81DD80A-7EC4-4324-8F92-B84577E646F3}.Release|Any CPU.Build.0 = Release|Any CPU
		{9DAB69C3-9F73-4798-A192-4E28BE2D0A70}.Debug|Any CPU.ActiveCfg = Debug|Any CPU
		{9DAB69C3-9F73-4798-A192-4E28BE2D0A70}.Debug|Any CPU.Build.0 = Debug|Any CPU
		{9DAB69C3-9F73-4798-A192-4E28BE2D0A70}.Release|Any CPU.ActiveCfg = Release|Any CPU
		{9DAB69C3-9F73-4798-A192-4E28BE2D0A70}.Release|Any CPU.Build.0 = Release|Any CPU
		{AD42CE6A-6764-4B33-B5BD-F07B8625CA8A}.Debug|Any CPU.ActiveCfg = Debug|Any CPU
		{AD42CE6A-6764-4B33-B5BD-F07B8625CA8A}.Debug|Any CPU.Build.0 = Debug|Any CPU
		{AD42CE6A-6764-4B33-B5BD-F07B8625CA8A}.Release|Any CPU.ActiveCfg = Release|Any CPU
		{AD42CE6A-6764-4B33-B5BD-F07B8625CA8A}.Release|Any CPU.Build.0 = Release|Any CPU
		{0740F540-3D36-4E49-8E61-B5C00F36A99E}.Debug|Any CPU.ActiveCfg = Debug|Any CPU
		{0740F540-3D36-4E49-8E61-B5C00F36A99E}.Debug|Any CPU.Build.0 = Debug|Any CPU
		{0740F540-3D36-4E49-8E61-B5C00F36A99E}.Release|Any CPU.ActiveCfg = Release|Any CPU
		{0740F540-3D36-4E49-8E61-B5C00F36A99E}.Release|Any CPU.Build.0 = Release|Any CPU
		{B5248480-ED42-4A5A-B8B6-0B3E8939AD26}.Debug|Any CPU.ActiveCfg = Debug|Any CPU
		{B5248480-ED42-4A5A-B8B6-0B3E8939AD26}.Debug|Any CPU.Build.0 = Debug|Any CPU
		{B5248480-ED42-4A5A-B8B6-0B3E8939AD26}.Release|Any CPU.ActiveCfg = Release|Any CPU
		{B5248480-ED42-4A5A-B8B6-0B3E8939AD26}.Release|Any CPU.Build.0 = Release|Any CPU
		{042350A3-1147-462D-B9A4-A74B277E65C2}.Debug|Any CPU.ActiveCfg = Debug|Any CPU
		{042350A3-1147-462D-B9A4-A74B277E65C2}.Debug|Any CPU.Build.0 = Debug|Any CPU
		{042350A3-1147-462D-B9A4-A74B277E65C2}.Release|Any CPU.ActiveCfg = Release|Any CPU
		{042350A3-1147-462D-B9A4-A74B277E65C2}.Release|Any CPU.Build.0 = Release|Any CPU
		{DCC8BB42-927A-490A-A394-E0E30D4C60FC}.Debug|Any CPU.ActiveCfg = Debug|Any CPU
		{DCC8BB42-927A-490A-A394-E0E30D4C60FC}.Debug|Any CPU.Build.0 = Debug|Any CPU
		{DCC8BB42-927A-490A-A394-E0E30D4C60FC}.Release|Any CPU.ActiveCfg = Release|Any CPU
		{DCC8BB42-927A-490A-A394-E0E30D4C60FC}.Release|Any CPU.Build.0 = Release|Any CPU
		{CB823D58-DC61-4476-8369-C08587EB19C3}.Debug|Any CPU.ActiveCfg = Debug|Any CPU
		{CB823D58-DC61-4476-8369-C08587EB19C3}.Debug|Any CPU.Build.0 = Debug|Any CPU
		{CB823D58-DC61-4476-8369-C08587EB19C3}.Release|Any CPU.ActiveCfg = Release|Any CPU
		{CB823D58-DC61-4476-8369-C08587EB19C3}.Release|Any CPU.Build.0 = Release|Any CPU
		{4552A25A-FE1C-4A85-8C66-2B70CBD834DC}.Debug|Any CPU.ActiveCfg = Debug|Any CPU
		{4552A25A-FE1C-4A85-8C66-2B70CBD834DC}.Debug|Any CPU.Build.0 = Debug|Any CPU
		{4552A25A-FE1C-4A85-8C66-2B70CBD834DC}.Release|Any CPU.ActiveCfg = Release|Any CPU
		{4552A25A-FE1C-4A85-8C66-2B70CBD834DC}.Release|Any CPU.Build.0 = Release|Any CPU
		{B54D5674-A7F5-460D-BB15-DF316E38A1B6}.Debug|Any CPU.ActiveCfg = Debug|Any CPU
		{B54D5674-A7F5-460D-BB15-DF316E38A1B6}.Debug|Any CPU.Build.0 = Debug|Any CPU
		{B54D5674-A7F5-460D-BB15-DF316E38A1B6}.Release|Any CPU.ActiveCfg = Release|Any CPU
		{B54D5674-A7F5-460D-BB15-DF316E38A1B6}.Release|Any CPU.Build.0 = Release|Any CPU
		{E97554D4-27D2-4E4C-AABE-FA64F93AABFB}.Debug|Any CPU.ActiveCfg = Debug|Any CPU
		{E97554D4-27D2-4E4C-AABE-FA64F93AABFB}.Debug|Any CPU.Build.0 = Debug|Any CPU
		{E97554D4-27D2-4E4C-AABE-FA64F93AABFB}.Release|Any CPU.ActiveCfg = Release|Any CPU
		{E97554D4-27D2-4E4C-AABE-FA64F93AABFB}.Release|Any CPU.Build.0 = Release|Any CPU
		{92702E36-4203-40D5-86C1-25A9E8089EDF}.Debug|Any CPU.ActiveCfg = Debug|Any CPU
		{92702E36-4203-40D5-86C1-25A9E8089EDF}.Debug|Any CPU.Build.0 = Debug|Any CPU
		{92702E36-4203-40D5-86C1-25A9E8089EDF}.Release|Any CPU.ActiveCfg = Release|Any CPU
		{92702E36-4203-40D5-86C1-25A9E8089EDF}.Release|Any CPU.Build.0 = Release|Any CPU
		{213861A5-AA94-4160-AAE7-919F989E2BEF}.Debug|Any CPU.ActiveCfg = Debug|Any CPU
		{213861A5-AA94-4160-AAE7-919F989E2BEF}.Debug|Any CPU.Build.0 = Debug|Any CPU
		{213861A5-AA94-4160-AAE7-919F989E2BEF}.Release|Any CPU.ActiveCfg = Release|Any CPU
		{213861A5-AA94-4160-AAE7-919F989E2BEF}.Release|Any CPU.Build.0 = Release|Any CPU
		{5B25FBDC-8E20-40B4-A646-9E255EDBE91C}.Debug|Any CPU.ActiveCfg = Debug|Any CPU
		{5B25FBDC-8E20-40B4-A646-9E255EDBE91C}.Debug|Any CPU.Build.0 = Debug|Any CPU
		{5B25FBDC-8E20-40B4-A646-9E255EDBE91C}.Release|Any CPU.ActiveCfg = Release|Any CPU
		{5B25FBDC-8E20-40B4-A646-9E255EDBE91C}.Release|Any CPU.Build.0 = Release|Any CPU
		{A97CA58D-F237-493E-96E9-302CC8DFA4FD}.Debug|Any CPU.ActiveCfg = Debug|Any CPU
		{A97CA58D-F237-493E-96E9-302CC8DFA4FD}.Debug|Any CPU.Build.0 = Debug|Any CPU
		{A97CA58D-F237-493E-96E9-302CC8DFA4FD}.Release|Any CPU.ActiveCfg = Release|Any CPU
		{A97CA58D-F237-493E-96E9-302CC8DFA4FD}.Release|Any CPU.Build.0 = Release|Any CPU
		{35594A13-E39D-400C-8A31-0A6CA4A51B65}.Debug|Any CPU.ActiveCfg = Debug|Any CPU
		{35594A13-E39D-400C-8A31-0A6CA4A51B65}.Debug|Any CPU.Build.0 = Debug|Any CPU
		{35594A13-E39D-400C-8A31-0A6CA4A51B65}.Release|Any CPU.ActiveCfg = Release|Any CPU
		{35594A13-E39D-400C-8A31-0A6CA4A51B65}.Release|Any CPU.Build.0 = Release|Any CPU
	EndGlobalSection
	GlobalSection(SolutionProperties) = preSolution
		HideSolutionNode = FALSE
	EndGlobalSection
	GlobalSection(NestedProjects) = preSolution
		{F6609158-E967-4C97-9F6F-297F934C55E4} = {D83E4425-55AC-45DC-A73B-574C31F70C67}
		{768D4853-1489-4D2F-8482-E674985ED5AE} = {D83E4425-55AC-45DC-A73B-574C31F70C67}
		{E8AC3197-5678-42F3-850B-2C4F67AC6141} = {D83E4425-55AC-45DC-A73B-574C31F70C67}
		{1C1DEC0F-4001-44FE-BFD0-7193B50E5A42} = {7DF4F512-728F-4CAE-85EB-79D43DAABEA4}
		{C4D68B03-540A-4233-A51E-8578F8CC0149} = {7DF4F512-728F-4CAE-85EB-79D43DAABEA4}
		{D81DD80A-7EC4-4324-8F92-B84577E646F3} = {7DF4F512-728F-4CAE-85EB-79D43DAABEA4}
		{9DAB69C3-9F73-4798-A192-4E28BE2D0A70} = {81140C40-CFD4-4CE9-89BF-28E0BCE63EF8}
		{AD42CE6A-6764-4B33-B5BD-F07B8625CA8A} = {81140C40-CFD4-4CE9-89BF-28E0BCE63EF8}
		{0740F540-3D36-4E49-8E61-B5C00F36A99E} = {81140C40-CFD4-4CE9-89BF-28E0BCE63EF8}
		{B5248480-ED42-4A5A-B8B6-0B3E8939AD26} = {DA0A862A-6B71-4180-9246-0A1E4828E415}
		{042350A3-1147-462D-B9A4-A74B277E65C2} = {DA0A862A-6B71-4180-9246-0A1E4828E415}
		{DCC8BB42-927A-490A-A394-E0E30D4C60FC} = {DA0A862A-6B71-4180-9246-0A1E4828E415}
		{CB823D58-DC61-4476-8369-C08587EB19C3} = {4AE8C88A-2A88-46F5-916D-7F28820600EF}
		{4552A25A-FE1C-4A85-8C66-2B70CBD834DC} = {4AE8C88A-2A88-46F5-916D-7F28820600EF}
		{B54D5674-A7F5-460D-BB15-DF316E38A1B6} = {4AE8C88A-2A88-46F5-916D-7F28820600EF}
		{E97554D4-27D2-4E4C-AABE-FA64F93AABFB} = {67C7647A-B2CC-4AF9-AAB6-CC31FF352350}
		{92702E36-4203-40D5-86C1-25A9E8089EDF} = {67C7647A-B2CC-4AF9-AAB6-CC31FF352350}
		{213861A5-AA94-4160-AAE7-919F989E2BEF} = {67C7647A-B2CC-4AF9-AAB6-CC31FF352350}
		{5B25FBDC-8E20-40B4-A646-9E255EDBE91C} = {0747D260-CE44-49F8-8060-BB5C448874E7}
		{A97CA58D-F237-493E-96E9-302CC8DFA4FD} = {0747D260-CE44-49F8-8060-BB5C448874E7}
		{35594A13-E39D-400C-8A31-0A6CA4A51B65} = {0747D260-CE44-49F8-8060-BB5C448874E7}
	EndGlobalSection
	GlobalSection(ExtensibilityGlobals) = postSolution
		SolutionGuid = {D43E914E-1DEF-4786-B3E1-3F813017CC15}
	EndGlobalSection
EndGlobal
