
Microsoft Visual Studio Solution File, Format Version 12.00
# Visual Studio Version 17
VisualStudioVersion = 17.0.31903.59
MinimumVisualStudioVersion = 10.0.40219.1
Project("{9A19103F-16F7-4668-BE54-9A1E7A4F7556}") = "Tyuiu.KomarovNA.Sprint3.Task0.V29.Lib", "Tyuiu.KomarovNA.Sprint3.Task0.V29.Lib\Tyuiu.KomarovNA.Sprint3.Task0.V29.Lib.csproj", "{F6609158-E967-4C97-9F6F-297F934C55E4}"
EndProject
Project("{9A19103F-16F7-4668-BE54-9A1E7A4F7556}") = "Tyuiu.KomarovNA.Sprint3.Task0.V29", "Tyuiu.KomarovNA.Sprint3.Task0.V29\Tyuiu.KomarovNA.Sprint3.Task0.V29.csproj", "{768D4853-1489-4D2F-8482-E674985ED5AE}"
EndProject
Project("{9A19103F-16F7-4668-BE54-9A1E7A4F7556}") = "Tyuiu.KomarovNA.Sprint3.Task0.V29.Test", "Tyuiu.KomarovNA.Sprint3.Task0.V29.Test\Tyuiu.KomarovNA.Sprint3.Task0.V29.Test.csproj", "{E8AC3197-5678-42F3-850B-2C4F67AC6141}"
EndProject
Project("{2150E333-8FDC-42A3-9474-1A3956D46DE8}") = "Task0", "Task0", "{D83E4425-55AC-45DC-A73B-574C31F70C67}"
EndProject
Project("{9A19103F-16F7-4668-BE54-9A1E7A4F7556}") = "Tyuiu.KomarovNA.Sprint3.Task1.V14.Lib", "Tyuiu.KomarovNA.Sprint3.Task1.V14.Lib\Tyuiu.KomarovNA.Sprint3.Task1.V14.Lib.csproj", "{7EBAAA4A-97D2-45FC-B20F-F221391CCDCA}"
EndProject
Project("{9A19103F-16F7-4668-BE54-9A1E7A4F7556}") = "Tyuiu.KomarovNA.Sprint3.Task1.V14", "Tyuiu.KomarovNA.Sprint3.Task1.V14\Tyuiu.KomarovNA.Sprint3.Task1.V14.csproj", "{7C1309C4-BE9A-4E0C-9760-5892FED16737}"
EndProject
Project("{9A19103F-16F7-4668-BE54-9A1E7A4F7556}") = "Tyuiu.KomarovNA.Sprint3.Task1.V14.Test", "Tyuiu.KomarovNA.Sprint3.Task1.V14.Test\Tyuiu.KomarovNA.Sprint3.Task1.V14.Test.csproj", "{77E7BC2F-CED7-40BC-B5B7-F57C5A2C613C}"
EndProject
Project("{2150E333-8FDC-42A3-9474-1A3956D46DE8}") = "Task1", "Task1", "{929B84D8-702F-4787-80C8-B117C9754A22}"
EndProject
Global
	GlobalSection(SolutionConfigurationPlatforms) = preSolution
		Debug|Any CPU = Debug|Any CPU
		Release|Any CPU = Release|Any CPU
	EndGlobalSection
	GlobalSection(ProjectConfigurationPlatforms) = postSolution
		{F6609158-E967-4C97-9F6F-297F934C55E4}.Debug|Any CPU.ActiveCfg = Debug|Any CPU
		{F6609158-E967-4C97-9F6F-297F934C55E4}.Debug|Any CPU.Build.0 = Debug|Any CPU
		{F6609158-E967-4C97-9F6F-297F934C55E4}.Release|Any CPU.ActiveCfg = Release|Any CPU
		{F6609158-E967-4C97-9F6F-297F934C55E4}.Release|Any CPU.Build.0 = Release|Any CPU
		{768D4853-1489-4D2F-8482-E674985ED5AE}.Debug|Any CPU.ActiveCfg = Debug|Any CPU
		{768D4853-1489-4D2F-8482-E674985ED5AE}.Debug|Any CPU.Build.0 = Debug|Any CPU
		{768D4853-1489-4D2F-8482-E674985ED5AE}.Release|Any CPU.ActiveCfg = Release|Any CPU
		{768D4853-1489-4D2F-8482-E674985ED5AE}.Release|Any CPU.Build.0 = Release|Any CPU
		{E8AC3197-5678-42F3-850B-2C4F67AC6141}.Debug|Any CPU.ActiveCfg = Debug|Any CPU
		{E8AC3197-5678-42F3-850B-2C4F67AC6141}.Debug|Any CPU.Build.0 = Debug|Any CPU
		{E8AC3197-5678-42F3-850B-2C4F67AC6141}.Release|Any CPU.ActiveCfg = Release|Any CPU
		{E8AC3197-5678-42F3-850B-2C4F67AC6141}.Release|Any CPU.Build.0 = Release|Any CPU
		{7EBAAA4A-97D2-45FC-B20F-F221391CCDCA}.Debug|Any CPU.ActiveCfg = Debug|Any CPU
		{7EBAAA4A-97D2-45FC-B20F-F221391CCDCA}.Debug|Any CPU.Build.0 = Debug|Any CPU
		{7EBAAA4A-97D2-45FC-B20F-F221391CCDCA}.Release|Any CPU.ActiveCfg = Release|Any CPU
		{7EBAAA4A-97D2-45FC-B20F-F221391CCDCA}.Release|Any CPU.Build.0 = Release|Any CPU
		{7C1309C4-BE9A-4E0C-9760-5892FED16737}.Debug|Any CPU.ActiveCfg = Debug|Any CPU
		{7C1309C4-BE9A-4E0C-9760-5892FED16737}.Debug|Any CPU.Build.0 = Debug|Any CPU
		{7C1309C4-BE9A-4E0C-9760-5892FED16737}.Release|Any CPU.ActiveCfg = Release|Any CPU
		{7C1309C4-BE9A-4E0C-9760-5892FED16737}.Release|Any CPU.Build.0 = Release|Any CPU
		{77E7BC2F-CED7-40BC-B5B7-F57C5A2C613C}.Debug|Any CPU.ActiveCfg = Debug|Any CPU
		{77E7BC2F-CED7-40BC-B5B7-F57C5A2C613C}.Debug|Any CPU.Build.0 = Debug|Any CPU
		{77E7BC2F-CED7-40BC-B5B7-F57C5A2C613C}.Release|Any CPU.ActiveCfg = Release|Any CPU
		{77E7BC2F-CED7-40BC-B5B7-F57C5A2C613C}.Release|Any CPU.Build.0 = Release|Any CPU
	EndGlobalSection
	GlobalSection(SolutionProperties) = preSolution
		HideSolutionNode = FALSE
	EndGlobalSection
	GlobalSection(NestedProjects) = preSolution
		{F6609158-E967-4C97-9F6F-297F934C55E4} = {D83E4425-55AC-45DC-A73B-574C31F70C67}
		{768D4853-1489-4D2F-8482-E674985ED5AE} = {D83E4425-55AC-45DC-A73B-574C31F70C67}
		{E8AC3197-5678-42F3-850B-2C4F67AC6141} = {D83E4425-55AC-45DC-A73B-574C31F70C67}
		{7EBAAA4A-97D2-45FC-B20F-F221391CCDCA} = {929B84D8-702F-4787-80C8-B117C9754A22}
		{7C1309C4-BE9A-4E0C-9760-5892FED16737} = {929B84D8-702F-4787-80C8-B117C9754A22}
		{77E7BC2F-CED7-40BC-B5B7-F57C5A2C613C} = {929B84D8-702F-4787-80C8-B117C9754A22}
	EndGlobalSection
	GlobalSection(ExtensibilityGlobals) = postSolution
		SolutionGuid = {D43E914E-1DEF-4786-B3E1-3F813017CC15}
	EndGlobalSection
EndGlobal
